
Microsoft Visual Studio Solution File, Format Version 12.00
# Visual Studio 15
VisualStudioVersion = 15.0.27130.2024
MinimumVisualStudioVersion = 10.0.40219.1
Project("{FAE04EC0-301F-11D3-BF4B-00C04F79EFBC}") = "MvcCrud", "MvcCrud\MvcCrud.csproj", "{8ED20838-3FA1-4DAC-809F-E2F18D47D4C2}"
EndProject
Global
	GlobalSection(SolutionConfigurationPlatforms) = preSolution
		Debug|Any CPU = Debug|Any CPU
		Release|Any CPU = Release|Any CPU
	EndGlobalSection
	GlobalSection(ProjectConfigurationPlatforms) = postSolution
		{8ED20838-3FA1-4DAC-809F-E2F18D47D4C2}.Debug|Any CPU.ActiveCfg = Debug|Any CPU
		{8ED20838-3FA1-4DAC-809F-E2F18D47D4C2}.Debug|Any CPU.Build.0 = Debug|Any CPU
		{8ED20838-3FA1-4DAC-809F-E2F18D47D4C2}.Release|Any CPU.ActiveCfg = Release|Any CPU
		{8ED20838-3FA1-4DAC-809F-E2F18D47D4C2}.Release|Any CPU.Build.0 = Release|Any CPU
	EndGlobalSection
	GlobalSection(SolutionProperties) = preSolution
		HideSolutionNode = FALSE
	EndGlobalSection
	GlobalSection(ExtensibilityGlobals) = postSolution
		SolutionGuid = {01059DD5-3BC0-4293-9F41-301084E1D988}
	EndGlobalSection
EndGlobal
